// !$*UTF8*$!
{
	archiveVersion = 1;
	classes = {
	};
	objectVersion = 50;
	objects = {

/* Begin PBXBuildFile section */
		991E9E4920CDABCC005961DA /* CollectionViewModelTests.swift in Sources */ = {isa = PBXBuildFile; fileRef = 991E9E4820CDABCC005961DA /* CollectionViewModelTests.swift */; };
		991E9E4B20CDABDD005961DA /* MockCollectionViewModel.swift in Sources */ = {isa = PBXBuildFile; fileRef = 991E9E4A20CDABDD005961DA /* MockCollectionViewModel.swift */; };
		991E9E5620CDAF2D005961DA /* CollectionViewModel.swift in Sources */ = {isa = PBXBuildFile; fileRef = 991E9E5420CDAF2D005961DA /* CollectionViewModel.swift */; };
		991E9E5720CDAF2D005961DA /* MovieViewModel.swift in Sources */ = {isa = PBXBuildFile; fileRef = 991E9E5520CDAF2D005961DA /* MovieViewModel.swift */; };
		991E9E5B20CDAF8A005961DA /* Info.plist in Resources */ = {isa = PBXBuildFile; fileRef = 991E9E5A20CDAF8A005961DA /* Info.plist */; };
		991E9E5D20CDAFF2005961DA /* Credential.swift in Sources */ = {isa = PBXBuildFile; fileRef = 991E9E5C20CDAFF2005961DA /* Credential.swift */; };
		999F8FBA20CD9AD500E39AF0 /* AppDelegate.swift in Sources */ = {isa = PBXBuildFile; fileRef = 999F8FB920CD9AD500E39AF0 /* AppDelegate.swift */; };
		999F8FBC20CD9AD500E39AF0 /* ViewController.swift in Sources */ = {isa = PBXBuildFile; fileRef = 999F8FBB20CD9AD500E39AF0 /* ViewController.swift */; };
		999F8FBF20CD9AD500E39AF0 /* Main.storyboard in Resources */ = {isa = PBXBuildFile; fileRef = 999F8FBD20CD9AD500E39AF0 /* Main.storyboard */; };
		999F8FC120CD9ADD00E39AF0 /* Assets.xcassets in Resources */ = {isa = PBXBuildFile; fileRef = 999F8FC020CD9ADD00E39AF0 /* Assets.xcassets */; };
		999F8FC420CD9ADD00E39AF0 /* LaunchScreen.storyboard in Resources */ = {isa = PBXBuildFile; fileRef = 999F8FC220CD9ADD00E39AF0 /* LaunchScreen.storyboard */; };
		999F8FCF20CD9ADD00E39AF0 /* MovieFinderTests.swift in Sources */ = {isa = PBXBuildFile; fileRef = 999F8FCE20CD9ADD00E39AF0 /* MovieFinderTests.swift */; };
		999F8FDA20CD9ADD00E39AF0 /* MovieFinderUITests.swift in Sources */ = {isa = PBXBuildFile; fileRef = 999F8FD920CD9ADD00E39AF0 /* MovieFinderUITests.swift */; };
		999F8FE820CD9B7100E39AF0 /* MovieModelTests.swift in Sources */ = {isa = PBXBuildFile; fileRef = 999F8FE720CD9B7100E39AF0 /* MovieModelTests.swift */; };
		999F8FED20CD9BE700E39AF0 /* moviedetail_351286.json in Resources */ = {isa = PBXBuildFile; fileRef = 999F8FE920CD9BE600E39AF0 /* moviedetail_351286.json */; };
		999F8FEE20CD9BE700E39AF0 /* collection_328.json in Resources */ = {isa = PBXBuildFile; fileRef = 999F8FEA20CD9BE600E39AF0 /* collection_328.json */; };
		999F8FEF20CD9BE700E39AF0 /* movie_nowplaying.json in Resources */ = {isa = PBXBuildFile; fileRef = 999F8FEB20CD9BE700E39AF0 /* movie_nowplaying.json */; };
		999F8FF020CD9BE700E39AF0 /* moviedetail_449176.json in Resources */ = {isa = PBXBuildFile; fileRef = 999F8FEC20CD9BE700E39AF0 /* moviedetail_449176.json */; };
		999F8FF220CD9C2200E39AF0 /* MovieModel.swift in Sources */ = {isa = PBXBuildFile; fileRef = 999F8FF120CD9C2200E39AF0 /* MovieModel.swift */; };
		999F8FF420CD9C7400E39AF0 /* RequestURLProvider.swift in Sources */ = {isa = PBXBuildFile; fileRef = 999F8FF320CD9C7400E39AF0 /* RequestURLProvider.swift */; };
		999F8FF620CD9DE600E39AF0 /* collection_328.json in Resources */ = {isa = PBXBuildFile; fileRef = 999F8FEA20CD9BE600E39AF0 /* collection_328.json */; };
		999F8FF720CD9DE600E39AF0 /* movie_nowplaying.json in Resources */ = {isa = PBXBuildFile; fileRef = 999F8FEB20CD9BE700E39AF0 /* movie_nowplaying.json */; };
		999F8FF820CD9DE600E39AF0 /* moviedetail_351286.json in Resources */ = {isa = PBXBuildFile; fileRef = 999F8FE920CD9BE600E39AF0 /* moviedetail_351286.json */; };
		999F8FF920CD9DE600E39AF0 /* moviedetail_449176.json in Resources */ = {isa = PBXBuildFile; fileRef = 999F8FEC20CD9BE700E39AF0 /* moviedetail_449176.json */; };
		999F8FFB20CD9E1E00E39AF0 /* MovieTests.swift in Sources */ = {isa = PBXBuildFile; fileRef = 999F8FFA20CD9E1E00E39AF0 /* MovieTests.swift */; };
		999F900020CDA1A600E39AF0 /* NetworkManager.swift in Sources */ = {isa = PBXBuildFile; fileRef = 999F8FFF20CDA1A600E39AF0 /* NetworkManager.swift */; };
		999F900220CDA62800E39AF0 /* CollectionModel.swift in Sources */ = {isa = PBXBuildFile; fileRef = 999F900120CDA62800E39AF0 /* CollectionModel.swift */; };
		999F900620CDA7FC00E39AF0 /* MockMovieViewModel.swift in Sources */ = {isa = PBXBuildFile; fileRef = 999F900520CDA7FC00E39AF0 /* MockMovieViewModel.swift */; };
		999F900820CDA89900E39AF0 /* MovieViewModelTests.swift in Sources */ = {isa = PBXBuildFile; fileRef = 999F900720CDA89900E39AF0 /* MovieViewModelTests.swift */; };
/* End PBXBuildFile section */

/* Begin PBXContainerItemProxy section */
		999F8FCB20CD9ADD00E39AF0 /* PBXContainerItemProxy */ = {
			isa = PBXContainerItemProxy;
			containerPortal = 999F8FAE20CD9AD500E39AF0 /* Project object */;
			proxyType = 1;
			remoteGlobalIDString = 999F8FB520CD9AD500E39AF0;
			remoteInfo = MovieFinder;
		};
		999F8FD620CD9ADD00E39AF0 /* PBXContainerItemProxy */ = {
			isa = PBXContainerItemProxy;
			containerPortal = 999F8FAE20CD9AD500E39AF0 /* Project object */;
			proxyType = 1;
			remoteGlobalIDString = 999F8FB520CD9AD500E39AF0;
			remoteInfo = MovieFinder;
		};
/* End PBXContainerItemProxy section */

/* Begin PBXFileReference section */
		991E9E4820CDABCC005961DA /* CollectionViewModelTests.swift */ = {isa = PBXFileReference; lastKnownFileType = sourcecode.swift; path = CollectionViewModelTests.swift; sourceTree = "<group>"; };
		991E9E4A20CDABDD005961DA /* MockCollectionViewModel.swift */ = {isa = PBXFileReference; lastKnownFileType = sourcecode.swift; path = MockCollectionViewModel.swift; sourceTree = "<group>"; };
		991E9E5420CDAF2D005961DA /* CollectionViewModel.swift */ = {isa = PBXFileReference; fileEncoding = 4; lastKnownFileType = sourcecode.swift; path = CollectionViewModel.swift; sourceTree = "<group>"; };
		991E9E5520CDAF2D005961DA /* MovieViewModel.swift */ = {isa = PBXFileReference; fileEncoding = 4; lastKnownFileType = sourcecode.swift; path = MovieViewModel.swift; sourceTree = "<group>"; };
		991E9E5A20CDAF8A005961DA /* Info.plist */ = {isa = PBXFileReference; fileEncoding = 4; lastKnownFileType = text.plist.xml; path = Info.plist; sourceTree = "<group>"; };
		991E9E5C20CDAFF2005961DA /* Credential.swift */ = {isa = PBXFileReference; lastKnownFileType = sourcecode.swift; path = Credential.swift; sourceTree = "<group>"; };
		999F8FB620CD9AD500E39AF0 /* MovieFinder.app */ = {isa = PBXFileReference; explicitFileType = wrapper.application; includeInIndex = 0; path = MovieFinder.app; sourceTree = BUILT_PRODUCTS_DIR; };
		999F8FB920CD9AD500E39AF0 /* AppDelegate.swift */ = {isa = PBXFileReference; lastKnownFileType = sourcecode.swift; path = AppDelegate.swift; sourceTree = "<group>"; };
		999F8FBB20CD9AD500E39AF0 /* ViewController.swift */ = {isa = PBXFileReference; lastKnownFileType = sourcecode.swift; path = ViewController.swift; sourceTree = "<group>"; };
		999F8FBE20CD9AD500E39AF0 /* Base */ = {isa = PBXFileReference; lastKnownFileType = file.storyboard; name = Base; path = Base.lproj/Main.storyboard; sourceTree = "<group>"; };
		999F8FC020CD9ADD00E39AF0 /* Assets.xcassets */ = {isa = PBXFileReference; lastKnownFileType = folder.assetcatalog; path = Assets.xcassets; sourceTree = "<group>"; };
		999F8FC320CD9ADD00E39AF0 /* Base */ = {isa = PBXFileReference; lastKnownFileType = file.storyboard; name = Base; path = Base.lproj/LaunchScreen.storyboard; sourceTree = "<group>"; };
		999F8FCA20CD9ADD00E39AF0 /* MovieFinderTests.xctest */ = {isa = PBXFileReference; explicitFileType = wrapper.cfbundle; includeInIndex = 0; path = MovieFinderTests.xctest; sourceTree = BUILT_PRODUCTS_DIR; };
		999F8FCE20CD9ADD00E39AF0 /* MovieFinderTests.swift */ = {isa = PBXFileReference; lastKnownFileType = sourcecode.swift; path = MovieFinderTests.swift; sourceTree = "<group>"; };
		999F8FD020CD9ADD00E39AF0 /* Info.plist */ = {isa = PBXFileReference; lastKnownFileType = text.plist.xml; path = Info.plist; sourceTree = "<group>"; };
		999F8FD520CD9ADD00E39AF0 /* MovieFinderUITests.xctest */ = {isa = PBXFileReference; explicitFileType = wrapper.cfbundle; includeInIndex = 0; path = MovieFinderUITests.xctest; sourceTree = BUILT_PRODUCTS_DIR; };
		999F8FD920CD9ADD00E39AF0 /* MovieFinderUITests.swift */ = {isa = PBXFileReference; lastKnownFileType = sourcecode.swift; path = MovieFinderUITests.swift; sourceTree = "<group>"; };
		999F8FDB20CD9ADD00E39AF0 /* Info.plist */ = {isa = PBXFileReference; lastKnownFileType = text.plist.xml; path = Info.plist; sourceTree = "<group>"; };
		999F8FE720CD9B7100E39AF0 /* MovieModelTests.swift */ = {isa = PBXFileReference; lastKnownFileType = sourcecode.swift; path = MovieModelTests.swift; sourceTree = "<group>"; };
		999F8FE920CD9BE600E39AF0 /* moviedetail_351286.json */ = {isa = PBXFileReference; fileEncoding = 4; lastKnownFileType = text.json; path = moviedetail_351286.json; sourceTree = "<group>"; };
		999F8FEA20CD9BE600E39AF0 /* collection_328.json */ = {isa = PBXFileReference; fileEncoding = 4; lastKnownFileType = text.json; path = collection_328.json; sourceTree = "<group>"; };
		999F8FEB20CD9BE700E39AF0 /* movie_nowplaying.json */ = {isa = PBXFileReference; fileEncoding = 4; lastKnownFileType = text.json; path = movie_nowplaying.json; sourceTree = "<group>"; };
		999F8FEC20CD9BE700E39AF0 /* moviedetail_449176.json */ = {isa = PBXFileReference; fileEncoding = 4; lastKnownFileType = text.json; path = moviedetail_449176.json; sourceTree = "<group>"; };
		999F8FF120CD9C2200E39AF0 /* MovieModel.swift */ = {isa = PBXFileReference; lastKnownFileType = sourcecode.swift; path = MovieModel.swift; sourceTree = "<group>"; };
		999F8FF320CD9C7400E39AF0 /* RequestURLProvider.swift */ = {isa = PBXFileReference; lastKnownFileType = sourcecode.swift; path = RequestURLProvider.swift; sourceTree = "<group>"; };
		999F8FFA20CD9E1E00E39AF0 /* MovieTests.swift */ = {isa = PBXFileReference; lastKnownFileType = sourcecode.swift; path = MovieTests.swift; sourceTree = "<group>"; };
		999F8FFF20CDA1A600E39AF0 /* NetworkManager.swift */ = {isa = PBXFileReference; lastKnownFileType = sourcecode.swift; path = NetworkManager.swift; sourceTree = "<group>"; };
		999F900120CDA62800E39AF0 /* CollectionModel.swift */ = {isa = PBXFileReference; lastKnownFileType = sourcecode.swift; path = CollectionModel.swift; sourceTree = "<group>"; };
		999F900520CDA7FC00E39AF0 /* MockMovieViewModel.swift */ = {isa = PBXFileReference; lastKnownFileType = sourcecode.swift; path = MockMovieViewModel.swift; sourceTree = "<group>"; };
		999F900720CDA89900E39AF0 /* MovieViewModelTests.swift */ = {isa = PBXFileReference; lastKnownFileType = sourcecode.swift; path = MovieViewModelTests.swift; sourceTree = "<group>"; };
/* End PBXFileReference section */

/* Begin PBXFrameworksBuildPhase section */
		999F8FB320CD9AD500E39AF0 /* Frameworks */ = {
			isa = PBXFrameworksBuildPhase;
			buildActionMask = 2147483647;
			files = (
			);
			runOnlyForDeploymentPostprocessing = 0;
		};
		999F8FC720CD9ADD00E39AF0 /* Frameworks */ = {
			isa = PBXFrameworksBuildPhase;
			buildActionMask = 2147483647;
			files = (
			);
			runOnlyForDeploymentPostprocessing = 0;
		};
		999F8FD220CD9ADD00E39AF0 /* Frameworks */ = {
			isa = PBXFrameworksBuildPhase;
			buildActionMask = 2147483647;
			files = (
			);
			runOnlyForDeploymentPostprocessing = 0;
		};
/* End PBXFrameworksBuildPhase section */

/* Begin PBXGroup section */
		991E9E4C20CDAC53005961DA /* MockViewModels */ = {
			isa = PBXGroup;
			children = (
				999F900520CDA7FC00E39AF0 /* MockMovieViewModel.swift */,
				991E9E4A20CDABDD005961DA /* MockCollectionViewModel.swift */,
			);
			path = MockViewModels;
			sourceTree = "<group>";
		};
		991E9E4D20CDAD80005961DA /* SupportingFiles */ = {
			isa = PBXGroup;
			children = (
				999F8FBD20CD9AD500E39AF0 /* Main.storyboard */,
				999F8FC020CD9ADD00E39AF0 /* Assets.xcassets */,
				999F8FC220CD9ADD00E39AF0 /* LaunchScreen.storyboard */,
			);
			path = SupportingFiles;
			sourceTree = "<group>";
		};
		991E9E4E20CDAD89005961DA /* Models */ = {
			isa = PBXGroup;
			children = (
				999F8FF120CD9C2200E39AF0 /* MovieModel.swift */,
				999F900120CDA62800E39AF0 /* CollectionModel.swift */,
			);
			path = Models;
			sourceTree = "<group>";
		};
		991E9E5020CDAE9E005961DA /* ViewControllers */ = {
			isa = PBXGroup;
			children = (
				999F8FBB20CD9AD500E39AF0 /* ViewController.swift */,
			);
			path = ViewControllers;
			sourceTree = "<group>";
		};
		991E9E5320CDAF2D005961DA /* ViewModels */ = {
			isa = PBXGroup;
			children = (
				991E9E5420CDAF2D005961DA /* CollectionViewModel.swift */,
				991E9E5520CDAF2D005961DA /* MovieViewModel.swift */,
			);
			path = ViewModels;
			sourceTree = "<group>";
		};
		999F8FAD20CD9AD500E39AF0 = {
			isa = PBXGroup;
			children = (
				999F8FB820CD9AD500E39AF0 /* MovieFinder */,
				999F8FB920CD9AD500E39AF0 /* AppDelegate.swift */,
				999F8FCD20CD9ADD00E39AF0 /* MovieFinderTests */,
				999F8FD820CD9ADD00E39AF0 /* MovieFinderUITests */,
				999F8FB720CD9AD500E39AF0 /* Products */,
			);
			sourceTree = "<group>";
		};
		999F8FB720CD9AD500E39AF0 /* Products */ = {
			isa = PBXGroup;
			children = (
				999F8FB620CD9AD500E39AF0 /* MovieFinder.app */,
				999F8FCA20CD9ADD00E39AF0 /* MovieFinderTests.xctest */,
				999F8FD520CD9ADD00E39AF0 /* MovieFinderUITests.xctest */,
			);
			name = Products;
			sourceTree = "<group>";
		};
		999F8FB820CD9AD500E39AF0 /* MovieFinder */ = {
			isa = PBXGroup;
			children = (
				991E9E5A20CDAF8A005961DA /* Info.plist */,
				991E9E5320CDAF2D005961DA /* ViewModels */,
				991E9E5020CDAE9E005961DA /* ViewControllers */,
				991E9E4E20CDAD89005961DA /* Models */,
				999F8FF520CD9C7B00E39AF0 /* Network */,
				991E9E4D20CDAD80005961DA /* SupportingFiles */,
			);
			path = MovieFinder;
			sourceTree = "<group>";
		};
		999F8FCD20CD9ADD00E39AF0 /* MovieFinderTests */ = {
			isa = PBXGroup;
			children = (
				991E9E4C20CDAC53005961DA /* MockViewModels */,
				999F8FFC20CDA0DE00E39AF0 /* DataFiles */,
				999F8FCE20CD9ADD00E39AF0 /* MovieFinderTests.swift */,
				999F8FE720CD9B7100E39AF0 /* MovieModelTests.swift */,
				999F8FFA20CD9E1E00E39AF0 /* MovieTests.swift */,
				999F900720CDA89900E39AF0 /* MovieViewModelTests.swift */,
				991E9E4820CDABCC005961DA /* CollectionViewModelTests.swift */,
				999F8FD020CD9ADD00E39AF0 /* Info.plist */,
			);
			path = MovieFinderTests;
			sourceTree = "<group>";
		};
		999F8FD820CD9ADD00E39AF0 /* MovieFinderUITests */ = {
			isa = PBXGroup;
			children = (
				999F8FD920CD9ADD00E39AF0 /* MovieFinderUITests.swift */,
				999F8FDB20CD9ADD00E39AF0 /* Info.plist */,
			);
			path = MovieFinderUITests;
			sourceTree = "<group>";
		};
		999F8FF520CD9C7B00E39AF0 /* Network */ = {
			isa = PBXGroup;
			children = (
				999F8FF320CD9C7400E39AF0 /* RequestURLProvider.swift */,
				999F8FFF20CDA1A600E39AF0 /* NetworkManager.swift */,
				991E9E5C20CDAFF2005961DA /* Credential.swift */,
			);
			path = Network;
			sourceTree = "<group>";
		};
		999F8FFC20CDA0DE00E39AF0 /* DataFiles */ = {
			isa = PBXGroup;
			children = (
				999F8FEA20CD9BE600E39AF0 /* collection_328.json */,
				999F8FEB20CD9BE700E39AF0 /* movie_nowplaying.json */,
				999F8FE920CD9BE600E39AF0 /* moviedetail_351286.json */,
				999F8FEC20CD9BE700E39AF0 /* moviedetail_449176.json */,
			);
			path = DataFiles;
			sourceTree = "<group>";
		};
/* End PBXGroup section */

/* Begin PBXNativeTarget section */
		999F8FB520CD9AD500E39AF0 /* MovieFinder */ = {
			isa = PBXNativeTarget;
			buildConfigurationList = 999F8FDE20CD9ADD00E39AF0 /* Build configuration list for PBXNativeTarget "MovieFinder" */;
			buildPhases = (
				999F8FB220CD9AD500E39AF0 /* Sources */,
				999F8FB320CD9AD500E39AF0 /* Frameworks */,
				999F8FB420CD9AD500E39AF0 /* Resources */,
			);
			buildRules = (
			);
			dependencies = (
			);
			name = MovieFinder;
			productName = MovieFinder;
			productReference = 999F8FB620CD9AD500E39AF0 /* MovieFinder.app */;
			productType = "com.apple.product-type.application";
		};
		999F8FC920CD9ADD00E39AF0 /* MovieFinderTests */ = {
			isa = PBXNativeTarget;
			buildConfigurationList = 999F8FE120CD9ADD00E39AF0 /* Build configuration list for PBXNativeTarget "MovieFinderTests" */;
			buildPhases = (
				999F8FC620CD9ADD00E39AF0 /* Sources */,
				999F8FC720CD9ADD00E39AF0 /* Frameworks */,
				999F8FC820CD9ADD00E39AF0 /* Resources */,
			);
			buildRules = (
			);
			dependencies = (
				999F8FCC20CD9ADD00E39AF0 /* PBXTargetDependency */,
			);
			name = MovieFinderTests;
			productName = MovieFinderTests;
			productReference = 999F8FCA20CD9ADD00E39AF0 /* MovieFinderTests.xctest */;
			productType = "com.apple.product-type.bundle.unit-test";
		};
		999F8FD420CD9ADD00E39AF0 /* MovieFinderUITests */ = {
			isa = PBXNativeTarget;
			buildConfigurationList = 999F8FE420CD9ADD00E39AF0 /* Build configuration list for PBXNativeTarget "MovieFinderUITests" */;
			buildPhases = (
				999F8FD120CD9ADD00E39AF0 /* Sources */,
				999F8FD220CD9ADD00E39AF0 /* Frameworks */,
				999F8FD320CD9ADD00E39AF0 /* Resources */,
			);
			buildRules = (
			);
			dependencies = (
				999F8FD720CD9ADD00E39AF0 /* PBXTargetDependency */,
			);
			name = MovieFinderUITests;
			productName = MovieFinderUITests;
			productReference = 999F8FD520CD9ADD00E39AF0 /* MovieFinderUITests.xctest */;
			productType = "com.apple.product-type.bundle.ui-testing";
		};
/* End PBXNativeTarget section */

/* Begin PBXProject section */
		999F8FAE20CD9AD500E39AF0 /* Project object */ = {
			isa = PBXProject;
			attributes = {
				LastSwiftUpdateCheck = 0930;
				LastUpgradeCheck = 0930;
				ORGANIZATIONNAME = "Priyanka ";
				TargetAttributes = {
					999F8FB520CD9AD500E39AF0 = {
						CreatedOnToolsVersion = 9.3;
					};
					999F8FC920CD9ADD00E39AF0 = {
						CreatedOnToolsVersion = 9.3;
						TestTargetID = 999F8FB520CD9AD500E39AF0;
					};
					999F8FD420CD9ADD00E39AF0 = {
						CreatedOnToolsVersion = 9.3;
						TestTargetID = 999F8FB520CD9AD500E39AF0;
					};
				};
			};
			buildConfigurationList = 999F8FB120CD9AD500E39AF0 /* Build configuration list for PBXProject "MovieFinder" */;
			compatibilityVersion = "Xcode 9.3";
			developmentRegion = en;
			hasScannedForEncodings = 0;
			knownRegions = (
				en,
				Base,
			);
			mainGroup = 999F8FAD20CD9AD500E39AF0;
			productRefGroup = 999F8FB720CD9AD500E39AF0 /* Products */;
			projectDirPath = "";
			projectRoot = "";
			targets = (
				999F8FB520CD9AD500E39AF0 /* MovieFinder */,
				999F8FC920CD9ADD00E39AF0 /* MovieFinderTests */,
				999F8FD420CD9ADD00E39AF0 /* MovieFinderUITests */,
			);
		};
/* End PBXProject section */

/* Begin PBXResourcesBuildPhase section */
		999F8FB420CD9AD500E39AF0 /* Resources */ = {
			isa = PBXResourcesBuildPhase;
			buildActionMask = 2147483647;
			files = (
				991E9E5B20CDAF8A005961DA /* Info.plist in Resources */,
				999F8FF820CD9DE600E39AF0 /* moviedetail_351286.json in Resources */,
				999F8FC420CD9ADD00E39AF0 /* LaunchScreen.storyboard in Resources */,
				999F8FC120CD9ADD00E39AF0 /* Assets.xcassets in Resources */,
				999F8FBF20CD9AD500E39AF0 /* Main.storyboard in Resources */,
				999F8FF720CD9DE600E39AF0 /* movie_nowplaying.json in Resources */,
				999F8FF620CD9DE600E39AF0 /* collection_328.json in Resources */,
				999F8FF920CD9DE600E39AF0 /* moviedetail_449176.json in Resources */,
			);
			runOnlyForDeploymentPostprocessing = 0;
		};
		999F8FC820CD9ADD00E39AF0 /* Resources */ = {
			isa = PBXResourcesBuildPhase;
			buildActionMask = 2147483647;
			files = (
				999F8FF020CD9BE700E39AF0 /* moviedetail_449176.json in Resources */,
				999F8FED20CD9BE700E39AF0 /* moviedetail_351286.json in Resources */,
				999F8FEF20CD9BE700E39AF0 /* movie_nowplaying.json in Resources */,
				999F8FEE20CD9BE700E39AF0 /* collection_328.json in Resources */,
			);
			runOnlyForDeploymentPostprocessing = 0;
		};
		999F8FD320CD9ADD00E39AF0 /* Resources */ = {
			isa = PBXResourcesBuildPhase;
			buildActionMask = 2147483647;
			files = (
			);
			runOnlyForDeploymentPostprocessing = 0;
		};
/* End PBXResourcesBuildPhase section */

/* Begin PBXSourcesBuildPhase section */
		999F8FB220CD9AD500E39AF0 /* Sources */ = {
			isa = PBXSourcesBuildPhase;
			buildActionMask = 2147483647;
			files = (
				999F900020CDA1A600E39AF0 /* NetworkManager.swift in Sources */,
				991E9E5D20CDAFF2005961DA /* Credential.swift in Sources */,
				999F8FF220CD9C2200E39AF0 /* MovieModel.swift in Sources */,
				991E9E5620CDAF2D005961DA /* CollectionViewModel.swift in Sources */,
				991E9E5720CDAF2D005961DA /* MovieViewModel.swift in Sources */,
				999F900220CDA62800E39AF0 /* CollectionModel.swift in Sources */,
				999F8FBC20CD9AD500E39AF0 /* ViewController.swift in Sources */,
				999F8FF420CD9C7400E39AF0 /* RequestURLProvider.swift in Sources */,
				999F8FBA20CD9AD500E39AF0 /* AppDelegate.swift in Sources */,
			);
			runOnlyForDeploymentPostprocessing = 0;
		};
		999F8FC620CD9ADD00E39AF0 /* Sources */ = {
			isa = PBXSourcesBuildPhase;
			buildActionMask = 2147483647;
			files = (
				999F900820CDA89900E39AF0 /* MovieViewModelTests.swift in Sources */,
				991E9E4B20CDABDD005961DA /* MockCollectionViewModel.swift in Sources */,
				999F8FE820CD9B7100E39AF0 /* MovieModelTests.swift in Sources */,
				999F8FCF20CD9ADD00E39AF0 /* MovieFinderTests.swift in Sources */,
				999F8FFB20CD9E1E00E39AF0 /* MovieTests.swift in Sources */,
				991E9E4920CDABCC005961DA /* CollectionViewModelTests.swift in Sources */,
				999F900620CDA7FC00E39AF0 /* MockMovieViewModel.swift in Sources */,
			);
			runOnlyForDeploymentPostprocessing = 0;
		};
		999F8FD120CD9ADD00E39AF0 /* Sources */ = {
			isa = PBXSourcesBuildPhase;
			buildActionMask = 2147483647;
			files = (
				999F8FDA20CD9ADD00E39AF0 /* MovieFinderUITests.swift in Sources */,
			);
			runOnlyForDeploymentPostprocessing = 0;
		};
/* End PBXSourcesBuildPhase section */

/* Begin PBXTargetDependency section */
		999F8FCC20CD9ADD00E39AF0 /* PBXTargetDependency */ = {
			isa = PBXTargetDependency;
			target = 999F8FB520CD9AD500E39AF0 /* MovieFinder */;
			targetProxy = 999F8FCB20CD9ADD00E39AF0 /* PBXContainerItemProxy */;
		};
		999F8FD720CD9ADD00E39AF0 /* PBXTargetDependency */ = {
			isa = PBXTargetDependency;
			target = 999F8FB520CD9AD500E39AF0 /* MovieFinder */;
			targetProxy = 999F8FD620CD9ADD00E39AF0 /* PBXContainerItemProxy */;
		};
/* End PBXTargetDependency section */

/* Begin PBXVariantGroup section */
		999F8FBD20CD9AD500E39AF0 /* Main.storyboard */ = {
			isa = PBXVariantGroup;
			children = (
				999F8FBE20CD9AD500E39AF0 /* Base */,
			);
			name = Main.storyboard;
			sourceTree = "<group>";
		};
		999F8FC220CD9ADD00E39AF0 /* LaunchScreen.storyboard */ = {
			isa = PBXVariantGroup;
			children = (
				999F8FC320CD9ADD00E39AF0 /* Base */,
			);
			name = LaunchScreen.storyboard;
			sourceTree = "<group>";
		};
/* End PBXVariantGroup section */

/* Begin XCBuildConfiguration section */
		999F8FDC20CD9ADD00E39AF0 /* Debug */ = {
			isa = XCBuildConfiguration;
			buildSettings = {
				ALWAYS_SEARCH_USER_PATHS = NO;
				CLANG_ANALYZER_NONNULL = YES;
				CLANG_ANALYZER_NUMBER_OBJECT_CONVERSION = YES_AGGRESSIVE;
				CLANG_CXX_LANGUAGE_STANDARD = "gnu++14";
				CLANG_CXX_LIBRARY = "libc++";
				CLANG_ENABLE_MODULES = YES;
				CLANG_ENABLE_OBJC_ARC = YES;
				CLANG_ENABLE_OBJC_WEAK = YES;
				CLANG_WARN_BLOCK_CAPTURE_AUTORELEASING = YES;
				CLANG_WARN_BOOL_CONVERSION = YES;
				CLANG_WARN_COMMA = YES;
				CLANG_WARN_CONSTANT_CONVERSION = YES;
				CLANG_WARN_DEPRECATED_OBJC_IMPLEMENTATIONS = YES;
				CLANG_WARN_DIRECT_OBJC_ISA_USAGE = YES_ERROR;
				CLANG_WARN_DOCUMENTATION_COMMENTS = YES;
				CLANG_WARN_EMPTY_BODY = YES;
				CLANG_WARN_ENUM_CONVERSION = YES;
				CLANG_WARN_INFINITE_RECURSION = YES;
				CLANG_WARN_INT_CONVERSION = YES;
				CLANG_WARN_NON_LITERAL_NULL_CONVERSION = YES;
				CLANG_WARN_OBJC_IMPLICIT_RETAIN_SELF = YES;
				CLANG_WARN_OBJC_LITERAL_CONVERSION = YES;
				CLANG_WARN_OBJC_ROOT_CLASS = YES_ERROR;
				CLANG_WARN_RANGE_LOOP_ANALYSIS = YES;
				CLANG_WARN_STRICT_PROTOTYPES = YES;
				CLANG_WARN_SUSPICIOUS_MOVE = YES;
				CLANG_WARN_UNGUARDED_AVAILABILITY = YES_AGGRESSIVE;
				CLANG_WARN_UNREACHABLE_CODE = YES;
				CLANG_WARN__DUPLICATE_METHOD_MATCH = YES;
				CODE_SIGN_IDENTITY = "iPhone Developer";
				COPY_PHASE_STRIP = NO;
				DEBUG_INFORMATION_FORMAT = dwarf;
				ENABLE_STRICT_OBJC_MSGSEND = YES;
				ENABLE_TESTABILITY = YES;
				GCC_C_LANGUAGE_STANDARD = gnu11;
				GCC_DYNAMIC_NO_PIC = NO;
				GCC_NO_COMMON_BLOCKS = YES;
				GCC_OPTIMIZATION_LEVEL = 0;
				GCC_PREPROCESSOR_DEFINITIONS = (
					"DEBUG=1",
					"$(inherited)",
				);
				GCC_WARN_64_TO_32_BIT_CONVERSION = YES;
				GCC_WARN_ABOUT_RETURN_TYPE = YES_ERROR;
				GCC_WARN_UNDECLARED_SELECTOR = YES;
				GCC_WARN_UNINITIALIZED_AUTOS = YES_AGGRESSIVE;
				GCC_WARN_UNUSED_FUNCTION = YES;
				GCC_WARN_UNUSED_VARIABLE = YES;
				IPHONEOS_DEPLOYMENT_TARGET = 9.0;
				MTL_ENABLE_DEBUG_INFO = YES;
				ONLY_ACTIVE_ARCH = YES;
				SDKROOT = iphoneos;
				SWIFT_ACTIVE_COMPILATION_CONDITIONS = DEBUG;
				SWIFT_OPTIMIZATION_LEVEL = "-Onone";
			};
			name = Debug;
		};
		999F8FDD20CD9ADD00E39AF0 /* Release */ = {
			isa = XCBuildConfiguration;
			buildSettings = {
				ALWAYS_SEARCH_USER_PATHS = NO;
				CLANG_ANALYZER_NONNULL = YES;
				CLANG_ANALYZER_NUMBER_OBJECT_CONVERSION = YES_AGGRESSIVE;
				CLANG_CXX_LANGUAGE_STANDARD = "gnu++14";
				CLANG_CXX_LIBRARY = "libc++";
				CLANG_ENABLE_MODULES = YES;
				CLANG_ENABLE_OBJC_ARC = YES;
				CLANG_ENABLE_OBJC_WEAK = YES;
				CLANG_WARN_BLOCK_CAPTURE_AUTORELEASING = YES;
				CLANG_WARN_BOOL_CONVERSION = YES;
				CLANG_WARN_COMMA = YES;
				CLANG_WARN_CONSTANT_CONVERSION = YES;
				CLANG_WARN_DEPRECATED_OBJC_IMPLEMENTATIONS = YES;
				CLANG_WARN_DIRECT_OBJC_ISA_USAGE = YES_ERROR;
				CLANG_WARN_DOCUMENTATION_COMMENTS = YES;
				CLANG_WARN_EMPTY_BODY = YES;
				CLANG_WARN_ENUM_CONVERSION = YES;
				CLANG_WARN_INFINITE_RECURSION = YES;
				CLANG_WARN_INT_CONVERSION = YES;
				CLANG_WARN_NON_LITERAL_NULL_CONVERSION = YES;
				CLANG_WARN_OBJC_IMPLICIT_RETAIN_SELF = YES;
				CLANG_WARN_OBJC_LITERAL_CONVERSION = YES;
				CLANG_WARN_OBJC_ROOT_CLASS = YES_ERROR;
				CLANG_WARN_RANGE_LOOP_ANALYSIS = YES;
				CLANG_WARN_STRICT_PROTOTYPES = YES;
				CLANG_WARN_SUSPICIOUS_MOVE = YES;
				CLANG_WARN_UNGUARDED_AVAILABILITY = YES_AGGRESSIVE;
				CLANG_WARN_UNREACHABLE_CODE = YES;
				CLANG_WARN__DUPLICATE_METHOD_MATCH = YES;
				CODE_SIGN_IDENTITY = "iPhone Developer";
				COPY_PHASE_STRIP = NO;
				DEBUG_INFORMATION_FORMAT = "dwarf-with-dsym";
				ENABLE_NS_ASSERTIONS = NO;
				ENABLE_STRICT_OBJC_MSGSEND = YES;
				GCC_C_LANGUAGE_STANDARD = gnu11;
				GCC_NO_COMMON_BLOCKS = YES;
				GCC_WARN_64_TO_32_BIT_CONVERSION = YES;
				GCC_WARN_ABOUT_RETURN_TYPE = YES_ERROR;
				GCC_WARN_UNDECLARED_SELECTOR = YES;
				GCC_WARN_UNINITIALIZED_AUTOS = YES_AGGRESSIVE;
				GCC_WARN_UNUSED_FUNCTION = YES;
				GCC_WARN_UNUSED_VARIABLE = YES;
				IPHONEOS_DEPLOYMENT_TARGET = 9.0;
				MTL_ENABLE_DEBUG_INFO = NO;
				SDKROOT = iphoneos;
				SWIFT_COMPILATION_MODE = wholemodule;
				SWIFT_OPTIMIZATION_LEVEL = "-O";
				VALIDATE_PRODUCT = YES;
			};
			name = Release;
		};
		999F8FDF20CD9ADD00E39AF0 /* Debug */ = {
			isa = XCBuildConfiguration;
			buildSettings = {
				ASSETCATALOG_COMPILER_APPICON_NAME = AppIcon;
				CODE_SIGN_STYLE = Automatic;
				DEVELOPMENT_TEAM = FNTSK9F9S2;
				INFOPLIST_FILE = MovieFinder/Info.plist;
				LD_RUNPATH_SEARCH_PATHS = (
					"$(inherited)",
					"@executable_path/Frameworks",
				);
				PRODUCT_BUNDLE_IDENTIFIER = com.priyanka.BarFinder;
				PRODUCT_NAME = "$(TARGET_NAME)";
				SWIFT_VERSION = 4.0;
				TARGETED_DEVICE_FAMILY = "1,2";
			};
			name = Debug;
		};
		999F8FE020CD9ADD00E39AF0 /* Release */ = {
			isa = XCBuildConfiguration;
			buildSettings = {
				ASSETCATALOG_COMPILER_APPICON_NAME = AppIcon;
				CODE_SIGN_STYLE = Automatic;
				DEVELOPMENT_TEAM = FNTSK9F9S2;
				INFOPLIST_FILE = MovieFinder/Info.plist;
				LD_RUNPATH_SEARCH_PATHS = (
					"$(inherited)",
					"@executable_path/Frameworks",
				);
				PRODUCT_BUNDLE_IDENTIFIER = com.priyanka.BarFinder;
				PRODUCT_NAME = "$(TARGET_NAME)";
				SWIFT_VERSION = 4.0;
				TARGETED_DEVICE_FAMILY = "1,2";
			};
			name = Release;
		};
		999F8FE220CD9ADD00E39AF0 /* Debug */ = {
			isa = XCBuildConfiguration;
			buildSettings = {
				ALWAYS_EMBED_SWIFT_STANDARD_LIBRARIES = YES;
				BUNDLE_LOADER = "$(TEST_HOST)";
				CODE_SIGN_STYLE = Automatic;
				DEVELOPMENT_TEAM = FNTSK9F9S2;
				INFOPLIST_FILE = MovieFinderTests/Info.plist;
				LD_RUNPATH_SEARCH_PATHS = (
					"$(inherited)",
					"@executable_path/Frameworks",
					"@loader_path/Frameworks",
				);
				PRODUCT_BUNDLE_IDENTIFIER = com.priyanka.MovieFinderTests;
				PRODUCT_NAME = "$(TARGET_NAME)";
				SWIFT_VERSION = 4.0;
				TARGETED_DEVICE_FAMILY = "1,2";
				TEST_HOST = "$(BUILT_PRODUCTS_DIR)/MovieFinder.app/MovieFinder";
			};
			name = Debug;
		};
		999F8FE320CD9ADD00E39AF0 /* Release */ = {
			isa = XCBuildConfiguration;
			buildSettings = {
				ALWAYS_EMBED_SWIFT_STANDARD_LIBRARIES = YES;
				BUNDLE_LOADER = "$(TEST_HOST)";
				CODE_SIGN_STYLE = Automatic;
				DEVELOPMENT_TEAM = FNTSK9F9S2;
				INFOPLIST_FILE = MovieFinderTests/Info.plist;
				LD_RUNPATH_SEARCH_PATHS = (
					"$(inherited)",
					"@executable_path/Frameworks",
					"@loader_path/Frameworks",
				);
				PRODUCT_BUNDLE_IDENTIFIER = com.priyanka.MovieFinderTests;
				PRODUCT_NAME = "$(TARGET_NAME)";
				SWIFT_VERSION = 4.0;
				TARGETED_DEVICE_FAMILY = "1,2";
				TEST_HOST = "$(BUILT_PRODUCTS_DIR)/MovieFinder.app/MovieFinder";
			};
			name = Release;
		};
		999F8FE520CD9ADD00E39AF0 /* Debug */ = {
			isa = XCBuildConfiguration;
			buildSettings = {
				ALWAYS_EMBED_SWIFT_STANDARD_LIBRARIES = YES;
				CODE_SIGN_STYLE = Automatic;
				DEVELOPMENT_TEAM = FNTSK9F9S2;
				INFOPLIST_FILE = MovieFinderUITests/Info.plist;
				LD_RUNPATH_SEARCH_PATHS = (
					"$(inherited)",
					"@executable_path/Frameworks",
					"@loader_path/Frameworks",
				);
				PRODUCT_BUNDLE_IDENTIFIER = com.priyanka.MovieFinderUITests;
				PRODUCT_NAME = "$(TARGET_NAME)";
				SWIFT_VERSION = 4.0;
				TARGETED_DEVICE_FAMILY = "1,2";
				TEST_TARGET_NAME = MovieFinder;
			};
			name = Debug;
		};
		999F8FE620CD9ADD00E39AF0 /* Release */ = {
			isa = XCBuildConfiguration;
			buildSettings = {
				ALWAYS_EMBED_SWIFT_STANDARD_LIBRARIES = YES;
				CODE_SIGN_STYLE = Automatic;
				DEVELOPMENT_TEAM = FNTSK9F9S2;
				INFOPLIST_FILE = MovieFinderUITests/Info.plist;
				LD_RUNPATH_SEARCH_PATHS = (
					"$(inherited)",
					"@executable_path/Frameworks",
					"@loader_path/Frameworks",
				);
				PRODUCT_BUNDLE_IDENTIFIER = com.priyanka.MovieFinderUITests;
				PRODUCT_NAME = "$(TARGET_NAME)";
				SWIFT_VERSION = 4.0;
				TARGETED_DEVICE_FAMILY = "1,2";
				TEST_TARGET_NAME = MovieFinder;
			};
			name = Release;
		};
/* End XCBuildConfiguration section */

/* Begin XCConfigurationList section */
		999F8FB120CD9AD500E39AF0 /* Build configuration list for PBXProject "MovieFinder" */ = {
			isa = XCConfigurationList;
			buildConfigurations = (
				999F8FDC20CD9ADD00E39AF0 /* Debug */,
				999F8FDD20CD9ADD00E39AF0 /* Release */,
			);
			defaultConfigurationIsVisible = 0;
			defaultConfigurationName = Release;
		};
		999F8FDE20CD9ADD00E39AF0 /* Build configuration list for PBXNativeTarget "MovieFinder" */ = {
			isa = XCConfigurationList;
			buildConfigurations = (
				999F8FDF20CD9ADD00E39AF0 /* Debug */,
				999F8FE020CD9ADD00E39AF0 /* Release */,
			);
			defaultConfigurationIsVisible = 0;
			defaultConfigurationName = Release;
		};
		999F8FE120CD9ADD00E39AF0 /* Build configuration list for PBXNativeTarget "MovieFinderTests" */ = {
			isa = XCConfigurationList;
			buildConfigurations = (
				999F8FE220CD9ADD00E39AF0 /* Debug */,
				999F8FE320CD9ADD00E39AF0 /* Release */,
			);
			defaultConfigurationIsVisible = 0;
			defaultConfigurationName = Release;
		};
		999F8FE420CD9ADD00E39AF0 /* Build configuration list for PBXNativeTarget "MovieFinderUITests" */ = {
			isa = XCConfigurationList;
			buildConfigurations = (
				999F8FE520CD9ADD00E39AF0 /* Debug */,
				999F8FE620CD9ADD00E39AF0 /* Release */,
			);
			defaultConfigurationIsVisible = 0;
			defaultConfigurationName = Release;
		};
/* End XCConfigurationList section */
	};
	rootObject = 999F8FAE20CD9AD500E39AF0 /* Project object */;
}
